
Microsoft Visual Studio Solution File, Format Version 12.00
# Visual Studio Version 16
VisualStudioVersion = 16.0.30114.105
MinimumVisualStudioVersion = 10.0.40219.1
Project("{9A19103F-16F7-4668-BE54-9A1E7A4F7556}") = "FunctionApp", "FunctionApp\FunctionApp.csproj", "{F504C2B2-6DDB-4831-9C9B-36466EB9A5DC}"
EndProject
Project("{2150E333-8FDC-42A3-9474-1A3956D46DE8}") = "Solution Items", "Solution Items", "{0DC6CCD3-480A-4BCC-A3EB-30A04492622F}"
	ProjectSection(SolutionItems) = preProject
		.editorconfig = .editorconfig
		.gitattributes = .gitattributes
		.gitignore = .gitignore
		LICENSE = LICENSE
		README.md = README.md
	EndProjectSection
EndProject
Project("{9A19103F-16F7-4668-BE54-9A1E7A4F7556}") = "Service.Hello", "Service.Hello\Service.Hello.csproj", "{497EBE1B-AF20-43D8-ABEB-4E6082AFABED}"
EndProject
Global
	GlobalSection(SolutionConfigurationPlatforms) = preSolution
		Debug|Any CPU = Debug|Any CPU
		Debug|x64 = Debug|x64
		Debug|x86 = Debug|x86
		Release|Any CPU = Release|Any CPU
		Release|x64 = Release|x64
		Release|x86 = Release|x86
	EndGlobalSection
	GlobalSection(ProjectConfigurationPlatforms) = postSolution
		{F504C2B2-6DDB-4831-9C9B-36466EB9A5DC}.Debug|Any CPU.ActiveCfg = Debug|Any CPU
		{F504C2B2-6DDB-4831-9C9B-36466EB9A5DC}.Debug|Any CPU.Build.0 = Debug|Any CPU
		{F504C2B2-6DDB-4831-9C9B-36466EB9A5DC}.Debug|x64.ActiveCfg = Debug|Any CPU
		{F504C2B2-6DDB-4831-9C9B-36466EB9A5DC}.Debug|x64.Build.0 = Debug|Any CPU
		{F504C2B2-6DDB-4831-9C9B-36466EB9A5DC}.Debug|x86.ActiveCfg = Debug|Any CPU
		{F504C2B2-6DDB-4831-9C9B-36466EB9A5DC}.Debug|x86.Build.0 = Debug|Any CPU
		{F504C2B2-6DDB-4831-9C9B-36466EB9A5DC}.Release|Any CPU.ActiveCfg = Release|Any CPU
		{F504C2B2-6DDB-4831-9C9B-36466EB9A5DC}.Release|Any CPU.Build.0 = Release|Any CPU
		{F504C2B2-6DDB-4831-9C9B-36466EB9A5DC}.Release|x64.ActiveCfg = Release|Any CPU
		{F504C2B2-6DDB-4831-9C9B-36466EB9A5DC}.Release|x64.Build.0 = Release|Any CPU
		{F504C2B2-6DDB-4831-9C9B-36466EB9A5DC}.Release|x86.ActiveCfg = Release|Any CPU
		{F504C2B2-6DDB-4831-9C9B-36466EB9A5DC}.Release|x86.Build.0 = Release|Any CPU
		{497EBE1B-AF20-43D8-ABEB-4E6082AFABED}.Debug|Any CPU.ActiveCfg = Debug|Any CPU
		{497EBE1B-AF20-43D8-ABEB-4E6082AFABED}.Debug|Any CPU.Build.0 = Debug|Any CPU
		{497EBE1B-AF20-43D8-ABEB-4E6082AFABED}.Debug|x64.ActiveCfg = Debug|Any CPU
		{497EBE1B-AF20-43D8-ABEB-4E6082AFABED}.Debug|x64.Build.0 = Debug|Any CPU
		{497EBE1B-AF20-43D8-ABEB-4E6082AFABED}.Debug|x86.ActiveCfg = Debug|Any CPU
		{497EBE1B-AF20-43D8-ABEB-4E6082AFABED}.Debug|x86.Build.0 = Debug|Any CPU
		{497EBE1B-AF20-43D8-ABEB-4E6082AFABED}.Release|Any CPU.ActiveCfg = Release|Any CPU
		{497EBE1B-AF20-43D8-ABEB-4E6082AFABED}.Release|Any CPU.Build.0 = Release|Any CPU
		{497EBE1B-AF20-43D8-ABEB-4E6082AFABED}.Release|x64.ActiveCfg = Release|Any CPU
		{497EBE1B-AF20-43D8-ABEB-4E6082AFABED}.Release|x64.Build.0 = Release|Any CPU
		{497EBE1B-AF20-43D8-ABEB-4E6082AFABED}.Release|x86.ActiveCfg = Release|Any CPU
		{497EBE1B-AF20-43D8-ABEB-4E6082AFABED}.Release|x86.Build.0 = Release|Any CPU
	EndGlobalSection
	GlobalSection(SolutionProperties) = preSolution
		HideSolutionNode = FALSE
	EndGlobalSection
	GlobalSection(ExtensibilityGlobals) = postSolution
		SolutionGuid = {FEC91DAD-DF7B-4E1D-88A2-16357C8378BD}
	EndGlobalSection
EndGlobal
